
Microsoft Visual Studio Solution File, Format Version 12.00
# Visual Studio Version 17
VisualStudioVersion = 17.6.33723.286
MinimumVisualStudioVersion = 10.0.40219.1
Project("{9A19103F-16F7-4668-BE54-9A1E7A4F7556}") = "ExamSystem-Project", "ExamSystem-Project\ExamSystem-Project.csproj", "{4F12E83E-C44F-4AC6-B911-343745958DEA}"
EndProject
Project("{9A19103F-16F7-4668-BE54-9A1E7A4F7556}") = "ExamSystem.ServerAPI", "ExamSystem.ServerAPI\ExamSystem.ServerAPI.csproj", "{4AF9EB1C-BBCE-4178-8379-3AB19245ABF1}"
EndProject
Global
	GlobalSection(SolutionConfigurationPlatforms) = preSolution
		Debug|Any CPU = Debug|Any CPU
		Release|Any CPU = Release|Any CPU
	EndGlobalSection
	GlobalSection(ProjectConfigurationPlatforms) = postSolution
		{4F12E83E-C44F-4AC6-B911-343745958DEA}.Debug|Any CPU.ActiveCfg = Debug|Any CPU
		{4F12E83E-C44F-4AC6-B911-343745958DEA}.Debug|Any CPU.Build.0 = Debug|Any CPU
		{4F12E83E-C44F-4AC6-B911-343745958DEA}.Release|Any CPU.ActiveCfg = Release|Any CPU
		{4F12E83E-C44F-4AC6-B911-343745958DEA}.Release|Any CPU.Build.0 = Release|Any CPU
		{4AF9EB1C-BBCE-4178-8379-3AB19245ABF1}.Debug|Any CPU.ActiveCfg = Debug|Any CPU
		{4AF9EB1C-BBCE-4178-8379-3AB19245ABF1}.Debug|Any CPU.Build.0 = Debug|Any CPU
		{4AF9EB1C-BBCE-4178-8379-3AB19245ABF1}.Release|Any CPU.ActiveCfg = Release|Any CPU
		{4AF9EB1C-BBCE-4178-8379-3AB19245ABF1}.Release|Any CPU.Build.0 = Release|Any CPU
	EndGlobalSection
	GlobalSection(SolutionProperties) = preSolution
		HideSolutionNode = FALSE
	EndGlobalSection
	GlobalSection(ExtensibilityGlobals) = postSolution
		SolutionGuid = {ED235F09-CBA0-4AF1-B1EC-7813815E761B}
	EndGlobalSection
EndGlobal
